
Microsoft Visual Studio Solution File, Format Version 11.00
# Visual Studio 2010
Project("{8BC9CEB8-8B4A-11D0-8D11-00A0C91BC942}") = "crab_soft3d", "crab_soft3d.vcxproj", "{3C2A9B9D-CEAB-4DBC-9A55-3B6941433473}"
EndProject
Global
	GlobalSection(SolutionConfigurationPlatforms) = preSolution
		Debug|Win32 = Debug|Win32
		Release|Win32 = Release|Win32
	EndGlobalSection
	GlobalSection(ProjectConfigurationPlatforms) = postSolution
		{3C2A9B9D-CEAB-4DBC-9A55-3B6941433473}.Debug|Win32.ActiveCfg = Debug|Win32
		{3C2A9B9D-CEAB-4DBC-9A55-3B6941433473}.Debug|Win32.Build.0 = Debug|Win32
		{3C2A9B9D-CEAB-4DBC-9A55-3B6941433473}.Release|Win32.ActiveCfg = Release|Win32
		{3C2A9B9D-CEAB-4DBC-9A55-3B6941433473}.Release|Win32.Build.0 = Release|Win32
	EndGlobalSection
	GlobalSection(SolutionProperties) = preSolution
		HideSolutionNode = FALSE
	EndGlobalSection
EndGlobal
